// !$*UTF8*$!
{
	archiveVersion = 1;
	classes = {
	};
	objectVersion = 48;
	objects = {

/* Begin PBXBuildFile section */
		D762EF902065FADD00DD562D /* AppDelegate.swift in Sources */ = {isa = PBXBuildFile; fileRef = D762EF8F2065FADD00DD562D /* AppDelegate.swift */; };
		D762EF922065FADD00DD562D /* ViewController.swift in Sources */ = {isa = PBXBuildFile; fileRef = D762EF912065FADD00DD562D /* ViewController.swift */; };
		D762EF952065FADD00DD562D /* Main.storyboard in Resources */ = {isa = PBXBuildFile; fileRef = D762EF932065FADD00DD562D /* Main.storyboard */; };
		D762EF972065FADD00DD562D /* Assets.xcassets in Resources */ = {isa = PBXBuildFile; fileRef = D762EF962065FADD00DD562D /* Assets.xcassets */; };
		D762EF9A2065FADD00DD562D /* LaunchScreen.storyboard in Resources */ = {isa = PBXBuildFile; fileRef = D762EF982065FADD00DD562D /* LaunchScreen.storyboard */; };
		D762EFA52065FADD00DD562D /* swift3Tests.swift in Sources */ = {isa = PBXBuildFile; fileRef = D762EFA42065FADD00DD562D /* swift3Tests.swift */; };
		D762EFB02065FADD00DD562D /* swift3UITests.swift in Sources */ = {isa = PBXBuildFile; fileRef = D762EFAF2065FADD00DD562D /* swift3UITests.swift */; };
/* End PBXBuildFile section */

/* Begin PBXContainerItemProxy section */
		D762EFA12065FADD00DD562D /* PBXContainerItemProxy */ = {
			isa = PBXContainerItemProxy;
			containerPortal = D762EF842065FADD00DD562D /* Project object */;
			proxyType = 1;
			remoteGlobalIDString = D762EF8B2065FADD00DD562D;
			remoteInfo = swift3;
		};
		D762EFAC2065FADD00DD562D /* PBXContainerItemProxy */ = {
			isa = PBXContainerItemProxy;
			containerPortal = D762EF842065FADD00DD562D /* Project object */;
			proxyType = 1;
			remoteGlobalIDString = D762EF8B2065FADD00DD562D;
			remoteInfo = swift3;
		};
/* End PBXContainerItemProxy section */

/* Begin PBXFileReference section */
		D762EF8C2065FADD00DD562D /* swift3.app */ = {isa = PBXFileReference; explicitFileType = wrapper.application; includeInIndex = 0; path = swift3.app; sourceTree = BUILT_PRODUCTS_DIR; };
		D762EF8F2065FADD00DD562D /* AppDelegate.swift */ = {isa = PBXFileReference; lastKnownFileType = sourcecode.swift; path = AppDelegate.swift; sourceTree = "<group>"; };
		D762EF912065FADD00DD562D /* ViewController.swift */ = {isa = PBXFileReference; lastKnownFileType = sourcecode.swift; path = ViewController.swift; sourceTree = "<group>"; };
		D762EF942065FADD00DD562D /* Base */ = {isa = PBXFileReference; lastKnownFileType = file.storyboard; name = Base; path = Base.lproj/Main.storyboard; sourceTree = "<group>"; };
		D762EF962065FADD00DD562D /* Assets.xcassets */ = {isa = PBXFileReference; lastKnownFileType = folder.assetcatalog; path = Assets.xcassets; sourceTree = "<group>"; };
		D762EF992065FADD00DD562D /* Base */ = {isa = PBXFileReference; lastKnownFileType = file.storyboard; name = Base; path = Base.lproj/LaunchScreen.storyboard; sourceTree = "<group>"; };
		D762EF9B2065FADD00DD562D /* Info.plist */ = {isa = PBXFileReference; lastKnownFileType = text.plist.xml; path = Info.plist; sourceTree = "<group>"; };
		D762EFA02065FADD00DD562D /* swift3Tests.xctest */ = {isa = PBXFileReference; explicitFileType = wrapper.cfbundle; includeInIndex = 0; path = swift3Tests.xctest; sourceTree = BUILT_PRODUCTS_DIR; };
		D762EFA42065FADD00DD562D /* swift3Tests.swift */ = {isa = PBXFileReference; lastKnownFileType = sourcecode.swift; path = swift3Tests.swift; sourceTree = "<group>"; };
		D762EFA62065FADD00DD562D /* Info.plist */ = {isa = PBXFileReference; lastKnownFileType = text.plist.xml; path = Info.plist; sourceTree = "<group>"; };
		D762EFAB2065FADD00DD562D /* swift3UITests.xctest */ = {isa = PBXFileReference; explicitFileType = wrapper.cfbundle; includeInIndex = 0; path = swift3UITests.xctest; sourceTree = BUILT_PRODUCTS_DIR; };
		D762EFAF2065FADD00DD562D /* swift3UITests.swift */ = {isa = PBXFileReference; lastKnownFileType = sourcecode.swift; path = swift3UITests.swift; sourceTree = "<group>"; };
		D762EFB12065FADD00DD562D /* Info.plist */ = {isa = PBXFileReference; lastKnownFileType = text.plist.xml; path = Info.plist; sourceTree = "<group>"; };
/* End PBXFileReference section */

/* Begin PBXFrameworksBuildPhase section */
		D762EF892065FADD00DD562D /* Frameworks */ = {
			isa = PBXFrameworksBuildPhase;
			buildActionMask = 2147483647;
			files = (
			);
			runOnlyForDeploymentPostprocessing = 0;
		};
		D762EF9D2065FADD00DD562D /* Frameworks */ = {
			isa = PBXFrameworksBuildPhase;
			buildActionMask = 2147483647;
			files = (
			);
			runOnlyForDeploymentPostprocessing = 0;
		};
		D762EFA82065FADD00DD562D /* Frameworks */ = {
			isa = PBXFrameworksBuildPhase;
			buildActionMask = 2147483647;
			files = (
			);
			runOnlyForDeploymentPostprocessing = 0;
		};
/* End PBXFrameworksBuildPhase section */

/* Begin PBXGroup section */
		D762EF832065FADD00DD562D = {
			isa = PBXGroup;
			children = (
				D762EF8E2065FADD00DD562D /* swift3 */,
				D762EFA32065FADD00DD562D /* swift3Tests */,
				D762EFAE2065FADD00DD562D /* swift3UITests */,
				D762EF8D2065FADD00DD562D /* Products */,
			);
			sourceTree = "<group>";
		};
		D762EF8D2065FADD00DD562D /* Products */ = {
			isa = PBXGroup;
			children = (
				D762EF8C2065FADD00DD562D /* swift3.app */,
				D762EFA02065FADD00DD562D /* swift3Tests.xctest */,
				D762EFAB2065FADD00DD562D /* swift3UITests.xctest */,
			);
			name = Products;
			sourceTree = "<group>";
		};
		D762EF8E2065FADD00DD562D /* swift3 */ = {
			isa = PBXGroup;
			children = (
				D762EF8F2065FADD00DD562D /* AppDelegate.swift */,
				D762EF912065FADD00DD562D /* ViewController.swift */,
				D762EF932065FADD00DD562D /* Main.storyboard */,
				D762EF962065FADD00DD562D /* Assets.xcassets */,
				D762EF982065FADD00DD562D /* LaunchScreen.storyboard */,
				D762EF9B2065FADD00DD562D /* Info.plist */,
			);
			path = swift3;
			sourceTree = "<group>";
		};
		D762EFA32065FADD00DD562D /* swift3Tests */ = {
			isa = PBXGroup;
			children = (
				D762EFA42065FADD00DD562D /* swift3Tests.swift */,
				D762EFA62065FADD00DD562D /* Info.plist */,
			);
			path = swift3Tests;
			sourceTree = "<group>";
		};
		D762EFAE2065FADD00DD562D /* swift3UITests */ = {
			isa = PBXGroup;
			children = (
				D762EFAF2065FADD00DD562D /* swift3UITests.swift */,
				D762EFB12065FADD00DD562D /* Info.plist */,
			);
			path = swift3UITests;
			sourceTree = "<group>";
		};
/* End PBXGroup section */

/* Begin PBXNativeTarget section */
		D762EF8B2065FADD00DD562D /* swift3 */ = {
			isa = PBXNativeTarget;
			buildConfigurationList = D762EFB42065FADD00DD562D /* Build configuration list for PBXNativeTarget "swift3" */;
			buildPhases = (
				D762EF882065FADD00DD562D /* Sources */,
				D762EF892065FADD00DD562D /* Frameworks */,
				D762EF8A2065FADD00DD562D /* Resources */,
			);
			buildRules = (
			);
			dependencies = (
			);
			name = swift3;
			productName = swift3;
			productReference = D762EF8C2065FADD00DD562D /* swift3.app */;
			productType = "com.apple.product-type.application";
		};
		D762EF9F2065FADD00DD562D /* swift3Tests */ = {
			isa = PBXNativeTarget;
			buildConfigurationList = D762EFB72065FADD00DD562D /* Build configuration list for PBXNativeTarget "swift3Tests" */;
			buildPhases = (
				D762EF9C2065FADD00DD562D /* Sources */,
				D762EF9D2065FADD00DD562D /* Frameworks */,
				D762EF9E2065FADD00DD562D /* Resources */,
			);
			buildRules = (
			);
			dependencies = (
				D762EFA22065FADD00DD562D /* PBXTargetDependency */,
			);
			name = swift3Tests;
			productName = swift3Tests;
			productReference = D762EFA02065FADD00DD562D /* swift3Tests.xctest */;
			productType = "com.apple.product-type.bundle.unit-test";
		};
		D762EFAA2065FADD00DD562D /* swift3UITests */ = {
			isa = PBXNativeTarget;
			buildConfigurationList = D762EFBA2065FADD00DD562D /* Build configuration list for PBXNativeTarget "swift3UITests" */;
			buildPhases = (
				D762EFA72065FADD00DD562D /* Sources */,
				D762EFA82065FADD00DD562D /* Frameworks */,
				D762EFA92065FADD00DD562D /* Resources */,
			);
			buildRules = (
			);
			dependencies = (
				D762EFAD2065FADD00DD562D /* PBXTargetDependency */,
			);
			name = swift3UITests;
			productName = swift3UITests;
			productReference = D762EFAB2065FADD00DD562D /* swift3UITests.xctest */;
			productType = "com.apple.product-type.bundle.ui-testing";
		};
/* End PBXNativeTarget section */

/* Begin PBXProject section */
		D762EF842065FADD00DD562D /* Project object */ = {
			isa = PBXProject;
			attributes = {
				LastSwiftUpdateCheck = 0920;
				LastUpgradeCheck = 0920;
				ORGANIZATIONNAME = Developer;
				TargetAttributes = {
					D762EF8B2065FADD00DD562D = {
						CreatedOnToolsVersion = 9.2;
						ProvisioningStyle = Automatic;
					};
					D762EF9F2065FADD00DD562D = {
						CreatedOnToolsVersion = 9.2;
						ProvisioningStyle = Automatic;
						TestTargetID = D762EF8B2065FADD00DD562D;
					};
					D762EFAA2065FADD00DD562D = {
						CreatedOnToolsVersion = 9.2;
						ProvisioningStyle = Automatic;
						TestTargetID = D762EF8B2065FADD00DD562D;
					};
				};
			};
			buildConfigurationList = D762EF872065FADD00DD562D /* Build configuration list for PBXProject "swift3" */;
			compatibilityVersion = "Xcode 8.0";
			developmentRegion = en;
			hasScannedForEncodings = 0;
			knownRegions = (
				en,
				Base,
			);
			mainGroup = D762EF832065FADD00DD562D;
			productRefGroup = D762EF8D2065FADD00DD562D /* Products */;
			projectDirPath = "";
			projectRoot = "";
			targets = (
				D762EF8B2065FADD00DD562D /* swift3 */,
				D762EF9F2065FADD00DD562D /* swift3Tests */,
				D762EFAA2065FADD00DD562D /* swift3UITests */,
			);
		};
/* End PBXProject section */

/* Begin PBXResourcesBuildPhase section */
		D762EF8A2065FADD00DD562D /* Resources */ = {
			isa = PBXResourcesBuildPhase;
			buildActionMask = 2147483647;
			files = (
				D762EF9A2065FADD00DD562D /* LaunchScreen.storyboard in Resources */,
				D762EF972065FADD00DD562D /* Assets.xcassets in Resources */,
				D762EF952065FADD00DD562D /* Main.storyboard in Resources */,
			);
			runOnlyForDeploymentPostprocessing = 0;
		};
		D762EF9E2065FADD00DD562D /* Resources */ = {
			isa = PBXResourcesBuildPhase;
			buildActionMask = 2147483647;
			files = (
			);
			runOnlyForDeploymentPostprocessing = 0;
		};
		D762EFA92065FADD00DD562D /* Resources */ = {
			isa = PBXResourcesBuildPhase;
			buildActionMask = 2147483647;
			files = (
			);
			runOnlyForDeploymentPostprocessing = 0;
		};
/* End PBXResourcesBuildPhase section */

/* Begin PBXSourcesBuildPhase section */
		D762EF882065FADD00DD562D /* Sources */ = {
			isa = PBXSourcesBuildPhase;
			buildActionMask = 2147483647;
			files = (
				D762EF922065FADD00DD562D /* ViewController.swift in Sources */,
				D762EF902065FADD00DD562D /* AppDelegate.swift in Sources */,
			);
			runOnlyForDeploymentPostprocessing = 0;
		};
		D762EF9C2065FADD00DD562D /* Sources */ = {
			isa = PBXSourcesBuildPhase;
			buildActionMask = 2147483647;
			files = (
				D762EFA52065FADD00DD562D /* swift3Tests.swift in Sources */,
			);
			runOnlyForDeploymentPostprocessing = 0;
		};
		D762EFA72065FADD00DD562D /* Sources */ = {
			isa = PBXSourcesBuildPhase;
			buildActionMask = 2147483647;
			files = (
				D762EFB02065FADD00DD562D /* swift3UITests.swift in Sources */,
			);
			runOnlyForDeploymentPostprocessing = 0;
		};
/* End PBXSourcesBuildPhase section */

/* Begin PBXTargetDependency section */
		D762EFA22065FADD00DD562D /* PBXTargetDependency */ = {
			isa = PBXTargetDependency;
			target = D762EF8B2065FADD00DD562D /* swift3 */;
			targetProxy = D762EFA12065FADD00DD562D /* PBXContainerItemProxy */;
		};
		D762EFAD2065FADD00DD562D /* PBXTargetDependency */ = {
			isa = PBXTargetDependency;
			target = D762EF8B2065FADD00DD562D /* swift3 */;
			targetProxy = D762EFAC2065FADD00DD562D /* PBXContainerItemProxy */;
		};
/* End PBXTargetDependency section */

/* Begin PBXVariantGroup section */
		D762EF932065FADD00DD562D /* Main.storyboard */ = {
			isa = PBXVariantGroup;
			children = (
				D762EF942065FADD00DD562D /* Base */,
			);
			name = Main.storyboard;
			sourceTree = "<group>";
		};
		D762EF982065FADD00DD562D /* LaunchScreen.storyboard */ = {
			isa = PBXVariantGroup;
			children = (
				D762EF992065FADD00DD562D /* Base */,
			);
			name = LaunchScreen.storyboard;
			sourceTree = "<group>";
		};
/* End PBXVariantGroup section */

/* Begin XCBuildConfiguration section */
		D762EFB22065FADD00DD562D /* Debug */ = {
			isa = XCBuildConfiguration;
			buildSettings = {
				ALWAYS_SEARCH_USER_PATHS = NO;
				CLANG_ANALYZER_NONNULL = YES;
				CLANG_ANALYZER_NUMBER_OBJECT_CONVERSION = YES_AGGRESSIVE;
				CLANG_CXX_LANGUAGE_STANDARD = "gnu++14";
				CLANG_CXX_LIBRARY = "libc++";
				CLANG_ENABLE_MODULES = YES;
				CLANG_ENABLE_OBJC_ARC = YES;
				CLANG_WARN_BLOCK_CAPTURE_AUTORELEASING = YES;
				CLANG_WARN_BOOL_CONVERSION = YES;
				CLANG_WARN_COMMA = YES;
				CLANG_WARN_CONSTANT_CONVERSION = YES;
				CLANG_WARN_DIRECT_OBJC_ISA_USAGE = YES_ERROR;
				CLANG_WARN_DOCUMENTATION_COMMENTS = YES;
				CLANG_WARN_EMPTY_BODY = YES;
				CLANG_WARN_ENUM_CONVERSION = YES;
				CLANG_WARN_INFINITE_RECURSION = YES;
				CLANG_WARN_INT_CONVERSION = YES;
				CLANG_WARN_NON_LITERAL_NULL_CONVERSION = YES;
				CLANG_WARN_OBJC_LITERAL_CONVERSION = YES;
				CLANG_WARN_OBJC_ROOT_CLASS = YES_ERROR;
				CLANG_WARN_RANGE_LOOP_ANALYSIS = YES;
				CLANG_WARN_STRICT_PROTOTYPES = YES;
				CLANG_WARN_SUSPICIOUS_MOVE = YES;
				CLANG_WARN_UNGUARDED_AVAILABILITY = YES_AGGRESSIVE;
				CLANG_WARN_UNREACHABLE_CODE = YES;
				CLANG_WARN__DUPLICATE_METHOD_MATCH = YES;
				CODE_SIGN_IDENTITY = "iPhone Developer";
				COPY_PHASE_STRIP = NO;
				DEBUG_INFORMATION_FORMAT = dwarf;
				ENABLE_STRICT_OBJC_MSGSEND = YES;
				ENABLE_TESTABILITY = YES;
				GCC_C_LANGUAGE_STANDARD = gnu11;
				GCC_DYNAMIC_NO_PIC = NO;
				GCC_NO_COMMON_BLOCKS = YES;
				GCC_OPTIMIZATION_LEVEL = 0;
				GCC_PREPROCESSOR_DEFINITIONS = (
					"DEBUG=1",
					"$(inherited)",
				);
				GCC_WARN_64_TO_32_BIT_CONVERSION = YES;
				GCC_WARN_ABOUT_RETURN_TYPE = YES_ERROR;
				GCC_WARN_UNDECLARED_SELECTOR = YES;
				GCC_WARN_UNINITIALIZED_AUTOS = YES_AGGRESSIVE;
				GCC_WARN_UNUSED_FUNCTION = YES;
				GCC_WARN_UNUSED_VARIABLE = YES;
				IPHONEOS_DEPLOYMENT_TARGET = 11.2;
				MTL_ENABLE_DEBUG_INFO = YES;
				ONLY_ACTIVE_ARCH = YES;
				SDKROOT = iphoneos;
				SWIFT_ACTIVE_COMPILATION_CONDITIONS = DEBUG;
				SWIFT_OPTIMIZATION_LEVEL = "-Onone";
			};
			name = Debug;
		};
		D762EFB32065FADD00DD562D /* Release */ = {
			isa = XCBuildConfiguration;
			buildSettings = {
				ALWAYS_SEARCH_USER_PATHS = NO;
				CLANG_ANALYZER_NONNULL = YES;
				CLANG_ANALYZER_NUMBER_OBJECT_CONVERSION = YES_AGGRESSIVE;
				CLANG_CXX_LANGUAGE_STANDARD = "gnu++14";
				CLANG_CXX_LIBRARY = "libc++";
				CLANG_ENABLE_MODULES = YES;
				CLANG_ENABLE_OBJC_ARC = YES;
				CLANG_WARN_BLOCK_CAPTURE_AUTORELEASING = YES;
				CLANG_WARN_BOOL_CONVERSION = YES;
				CLANG_WARN_COMMA = YES;
				CLANG_WARN_CONSTANT_CONVERSION = YES;
				CLANG_WARN_DIRECT_OBJC_ISA_USAGE = YES_ERROR;
				CLANG_WARN_DOCUMENTATION_COMMENTS = YES;
				CLANG_WARN_EMPTY_BODY = YES;
				CLANG_WARN_ENUM_CONVERSION = YES;
				CLANG_WARN_INFINITE_RECURSION = YES;
				CLANG_WARN_INT_CONVERSION = YES;
				CLANG_WARN_NON_LITERAL_NULL_CONVERSION = YES;
				CLANG_WARN_OBJC_LITERAL_CONVERSION = YES;
				CLANG_WARN_OBJC_ROOT_CLASS = YES_ERROR;
				CLANG_WARN_RANGE_LOOP_ANALYSIS = YES;
				CLANG_WARN_STRICT_PROTOTYPES = YES;
				CLANG_WARN_SUSPICIOUS_MOVE = YES;
				CLANG_WARN_UNGUARDED_AVAILABILITY = YES_AGGRESSIVE;
				CLANG_WARN_UNREACHABLE_CODE = YES;
				CLANG_WARN__DUPLICATE_METHOD_MATCH = YES;
				CODE_SIGN_IDENTITY = "iPhone Developer";
				COPY_PHASE_STRIP = NO;
				DEBUG_INFORMATION_FORMAT = "dwarf-with-dsym";
				ENABLE_NS_ASSERTIONS = NO;
				ENABLE_STRICT_OBJC_MSGSEND = YES;
				GCC_C_LANGUAGE_STANDARD = gnu11;
				GCC_NO_COMMON_BLOCKS = YES;
				GCC_WARN_64_TO_32_BIT_CONVERSION = YES;
				GCC_WARN_ABOUT_RETURN_TYPE = YES_ERROR;
				GCC_WARN_UNDECLARED_SELECTOR = YES;
				GCC_WARN_UNINITIALIZED_AUTOS = YES_AGGRESSIVE;
				GCC_WARN_UNUSED_FUNCTION = YES;
				GCC_WARN_UNUSED_VARIABLE = YES;
				IPHONEOS_DEPLOYMENT_TARGET = 11.2;
				MTL_ENABLE_DEBUG_INFO = NO;
				SDKROOT = iphoneos;
				SWIFT_OPTIMIZATION_LEVEL = "-Owholemodule";
				VALIDATE_PRODUCT = YES;
			};
			name = Release;
		};
		D762EFB52065FADD00DD562D /* Debug */ = {
			isa = XCBuildConfiguration;
			buildSettings = {
				ASSETCATALOG_COMPILER_APPICON_NAME = AppIcon;
				CODE_SIGN_STYLE = Automatic;
				INFOPLIST_FILE = swift3/Info.plist;
				LD_RUNPATH_SEARCH_PATHS = "$(inherited) @executable_path/Frameworks";
				PRODUCT_BUNDLE_IDENTIFIER = hhhhhh.swift3;
				PRODUCT_NAME = "$(TARGET_NAME)";
				SWIFT_VERSION = 4.0;
				TARGETED_DEVICE_FAMILY = "1,2";
			};
			name = Debug;
		};
		D762EFB62065FADD00DD562D /* Release */ = {
			isa = XCBuildConfiguration;
			buildSettings = {
				ASSETCATALOG_COMPILER_APPICON_NAME = AppIcon;
				CODE_SIGN_STYLE = Automatic;
				INFOPLIST_FILE = swift3/Info.plist;
				LD_RUNPATH_SEARCH_PATHS = "$(inherited) @executable_path/Frameworks";
				PRODUCT_BUNDLE_IDENTIFIER = hhhhhh.swift3;
				PRODUCT_NAME = "$(TARGET_NAME)";
				SWIFT_VERSION = 4.0;
				TARGETED_DEVICE_FAMILY = "1,2";
			};
			name = Release;
		};
		D762EFB82065FADD00DD562D /* Debug */ = {
			isa = XCBuildConfiguration;
			buildSettings = {
				ALWAYS_EMBED_SWIFT_STANDARD_LIBRARIES = YES;
				BUNDLE_LOADER = "$(TEST_HOST)";
				CODE_SIGN_STYLE = Automatic;
				INFOPLIST_FILE = swift3Tests/Info.plist;
				LD_RUNPATH_SEARCH_PATHS = "$(inherited) @executable_path/Frameworks @loader_path/Frameworks";
				PRODUCT_BUNDLE_IDENTIFIER = hhhhhh.swift3Tests;
				PRODUCT_NAME = "$(TARGET_NAME)";
				SWIFT_VERSION = 4.0;
				TARGETED_DEVICE_FAMILY = "1,2";
				TEST_HOST = "$(BUILT_PRODUCTS_DIR)/swift3.app/swift3";
			};
			name = Debug;
		};
		D762EFB92065FADD00DD562D /* Release */ = {
			isa = XCBuildConfiguration;
			buildSettings = {
				ALWAYS_EMBED_SWIFT_STANDARD_LIBRARIES = YES;
				BUNDLE_LOADER = "$(TEST_HOST)";
				CODE_SIGN_STYLE = Automatic;
				INFOPLIST_FILE = swift3Tests/Info.plist;
				LD_RUNPATH_SEARCH_PATHS = "$(inherited) @executable_path/Frameworks @loader_path/Frameworks";
				PRODUCT_BUNDLE_IDENTIFIER = hhhhhh.swift3Tests;
				PRODUCT_NAME = "$(TARGET_NAME)";
				SWIFT_VERSION = 4.0;
				TARGETED_DEVICE_FAMILY = "1,2";
				TEST_HOST = "$(BUILT_PRODUCTS_DIR)/swift3.app/swift3";
			};
			name = Release;
		};
		D762EFBB2065FADD00DD562D /* Debug */ = {
			isa = XCBuildConfiguration;
			buildSettings = {
				ALWAYS_EMBED_SWIFT_STANDARD_LIBRARIES = YES;
				CODE_SIGN_STYLE = Automatic;
				INFOPLIST_FILE = swift3UITests/Info.plist;
				LD_RUNPATH_SEARCH_PATHS = "$(inherited) @executable_path/Frameworks @loader_path/Frameworks";
				PRODUCT_BUNDLE_IDENTIFIER = hhhhhh.swift3UITests;
				PRODUCT_NAME = "$(TARGET_NAME)";
				SWIFT_VERSION = 4.0;
				TARGETED_DEVICE_FAMILY = "1,2";
				TEST_TARGET_NAME = swift3;
			};
			name = Debug;
		};
		D762EFBC2065FADD00DD562D /* Release */ = {
			isa = XCBuildConfiguration;
			buildSettings = {
				ALWAYS_EMBED_SWIFT_STANDARD_LIBRARIES = YES;
				CODE_SIGN_STYLE = Automatic;
				INFOPLIST_FILE = swift3UITests/Info.plist;
				LD_RUNPATH_SEARCH_PATHS = "$(inherited) @executable_path/Frameworks @loader_path/Frameworks";
				PRODUCT_BUNDLE_IDENTIFIER = hhhhhh.swift3UITests;
				PRODUCT_NAME = "$(TARGET_NAME)";
				SWIFT_VERSION = 4.0;
				TARGETED_DEVICE_FAMILY = "1,2";
				TEST_TARGET_NAME = swift3;
			};
			name = Release;
		};
/* End XCBuildConfiguration section */

/* Begin XCConfigurationList section */
		D762EF872065FADD00DD562D /* Build configuration list for PBXProject "swift3" */ = {
			isa = XCConfigurationList;
			buildConfigurations = (
				D762EFB22065FADD00DD562D /* Debug */,
				D762EFB32065FADD00DD562D /* Release */,
			);
			defaultConfigurationIsVisible = 0;
			defaultConfigurationName = Release;
		};
		D762EFB42065FADD00DD562D /* Build configuration list for PBXNativeTarget "swift3" */ = {
			isa = XCConfigurationList;
			buildConfigurations = (
				D762EFB52065FADD00DD562D /* Debug */,
				D762EFB62065FADD00DD562D /* Release */,
			);
			defaultConfigurationIsVisible = 0;
			defaultConfigurationName = Release;
		};
		D762EFB72065FADD00DD562D /* Build configuration list for PBXNativeTarget "swift3Tests" */ = {
			isa = XCConfigurationList;
			buildConfigurations = (
				D762EFB82065FADD00DD562D /* Debug */,
				D762EFB92065FADD00DD562D /* Release */,
			);
			defaultConfigurationIsVisible = 0;
			defaultConfigurationName = Release;
		};
		D762EFBA2065FADD00DD562D /* Build configuration list for PBXNativeTarget "swift3UITests" */ = {
			isa = XCConfigurationList;
			buildConfigurations = (
				D762EFBB2065FADD00DD562D /* Debug */,
				D762EFBC2065FADD00DD562D /* Release */,
			);
			defaultConfigurationIsVisible = 0;
			defaultConfigurationName = Release;
		};
/* End XCConfigurationList section */
	};
	rootObject = D762EF842065FADD00DD562D /* Project object */;
}
