// !$*UTF8*$!
{
	archiveVersion = 1;
	classes = {
	};
	objectVersion = 48;
	objects = {

/* Begin PBXBuildFile section */
		D75C151F20771C6000B43793 /* AppDelegate.m in Sources */ = {isa = PBXBuildFile; fileRef = D75C151E20771C6000B43793 /* AppDelegate.m */; };
		D75C152220771C6000B43793 /* ViewController.m in Sources */ = {isa = PBXBuildFile; fileRef = D75C152120771C6000B43793 /* ViewController.m */; };
		D75C152520771C6000B43793 /* Main.storyboard in Resources */ = {isa = PBXBuildFile; fileRef = D75C152320771C6000B43793 /* Main.storyboard */; };
		D75C152720771C6000B43793 /* Assets.xcassets in Resources */ = {isa = PBXBuildFile; fileRef = D75C152620771C6000B43793 /* Assets.xcassets */; };
		D75C152A20771C6000B43793 /* LaunchScreen.storyboard in Resources */ = {isa = PBXBuildFile; fileRef = D75C152820771C6000B43793 /* LaunchScreen.storyboard */; };
		D75C152D20771C6000B43793 /* main.m in Sources */ = {isa = PBXBuildFile; fileRef = D75C152C20771C6000B43793 /* main.m */; };
		D75C153720771C6000B43793 /* testTests.m in Sources */ = {isa = PBXBuildFile; fileRef = D75C153620771C6000B43793 /* testTests.m */; };
		D75C154220771C6000B43793 /* testUITests.m in Sources */ = {isa = PBXBuildFile; fileRef = D75C154120771C6000B43793 /* testUITests.m */; };
/* End PBXBuildFile section */

/* Begin PBXContainerItemProxy section */
		D75C153320771C6000B43793 /* PBXContainerItemProxy */ = {
			isa = PBXContainerItemProxy;
			containerPortal = D75C151220771C6000B43793 /* Project object */;
			proxyType = 1;
			remoteGlobalIDString = D75C151920771C6000B43793;
			remoteInfo = test;
		};
		D75C153E20771C6000B43793 /* PBXContainerItemProxy */ = {
			isa = PBXContainerItemProxy;
			containerPortal = D75C151220771C6000B43793 /* Project object */;
			proxyType = 1;
			remoteGlobalIDString = D75C151920771C6000B43793;
			remoteInfo = test;
		};
/* End PBXContainerItemProxy section */

/* Begin PBXFileReference section */
		D75C151A20771C6000B43793 /* test.app */ = {isa = PBXFileReference; explicitFileType = wrapper.application; includeInIndex = 0; path = test.app; sourceTree = BUILT_PRODUCTS_DIR; };
		D75C151D20771C6000B43793 /* AppDelegate.h */ = {isa = PBXFileReference; lastKnownFileType = sourcecode.c.h; path = AppDelegate.h; sourceTree = "<group>"; };
		D75C151E20771C6000B43793 /* AppDelegate.m */ = {isa = PBXFileReference; lastKnownFileType = sourcecode.c.objc; path = AppDelegate.m; sourceTree = "<group>"; };
		D75C152020771C6000B43793 /* ViewController.h */ = {isa = PBXFileReference; lastKnownFileType = sourcecode.c.h; path = ViewController.h; sourceTree = "<group>"; };
		D75C152120771C6000B43793 /* ViewController.m */ = {isa = PBXFileReference; lastKnownFileType = sourcecode.c.objc; path = ViewController.m; sourceTree = "<group>"; };
		D75C152420771C6000B43793 /* Base */ = {isa = PBXFileReference; lastKnownFileType = file.storyboard; name = Base; path = Base.lproj/Main.storyboard; sourceTree = "<group>"; };
		D75C152620771C6000B43793 /* Assets.xcassets */ = {isa = PBXFileReference; lastKnownFileType = folder.assetcatalog; path = Assets.xcassets; sourceTree = "<group>"; };
		D75C152920771C6000B43793 /* Base */ = {isa = PBXFileReference; lastKnownFileType = file.storyboard; name = Base; path = Base.lproj/LaunchScreen.storyboard; sourceTree = "<group>"; };
		D75C152B20771C6000B43793 /* Info.plist */ = {isa = PBXFileReference; lastKnownFileType = text.plist.xml; path = Info.plist; sourceTree = "<group>"; };
		D75C152C20771C6000B43793 /* main.m */ = {isa = PBXFileReference; lastKnownFileType = sourcecode.c.objc; path = main.m; sourceTree = "<group>"; };
		D75C153220771C6000B43793 /* testTests.xctest */ = {isa = PBXFileReference; explicitFileType = wrapper.cfbundle; includeInIndex = 0; path = testTests.xctest; sourceTree = BUILT_PRODUCTS_DIR; };
		D75C153620771C6000B43793 /* testTests.m */ = {isa = PBXFileReference; lastKnownFileType = sourcecode.c.objc; path = testTests.m; sourceTree = "<group>"; };
		D75C153820771C6000B43793 /* Info.plist */ = {isa = PBXFileReference; lastKnownFileType = text.plist.xml; path = Info.plist; sourceTree = "<group>"; };
		D75C153D20771C6000B43793 /* testUITests.xctest */ = {isa = PBXFileReference; explicitFileType = wrapper.cfbundle; includeInIndex = 0; path = testUITests.xctest; sourceTree = BUILT_PRODUCTS_DIR; };
		D75C154120771C6000B43793 /* testUITests.m */ = {isa = PBXFileReference; lastKnownFileType = sourcecode.c.objc; path = testUITests.m; sourceTree = "<group>"; };
		D75C154320771C6000B43793 /* Info.plist */ = {isa = PBXFileReference; lastKnownFileType = text.plist.xml; path = Info.plist; sourceTree = "<group>"; };
/* End PBXFileReference section */

/* Begin PBXFrameworksBuildPhase section */
		D75C151720771C6000B43793 /* Frameworks */ = {
			isa = PBXFrameworksBuildPhase;
			buildActionMask = 2147483647;
			files = (
			);
			runOnlyForDeploymentPostprocessing = 0;
		};
		D75C152F20771C6000B43793 /* Frameworks */ = {
			isa = PBXFrameworksBuildPhase;
			buildActionMask = 2147483647;
			files = (
			);
			runOnlyForDeploymentPostprocessing = 0;
		};
		D75C153A20771C6000B43793 /* Frameworks */ = {
			isa = PBXFrameworksBuildPhase;
			buildActionMask = 2147483647;
			files = (
			);
			runOnlyForDeploymentPostprocessing = 0;
		};
/* End PBXFrameworksBuildPhase section */

/* Begin PBXGroup section */
		D75C151120771C6000B43793 = {
			isa = PBXGroup;
			children = (
				D75C151C20771C6000B43793 /* test */,
				D75C153520771C6000B43793 /* testTests */,
				D75C154020771C6000B43793 /* testUITests */,
				D75C151B20771C6000B43793 /* Products */,
			);
			sourceTree = "<group>";
		};
		D75C151B20771C6000B43793 /* Products */ = {
			isa = PBXGroup;
			children = (
				D75C151A20771C6000B43793 /* test.app */,
				D75C153220771C6000B43793 /* testTests.xctest */,
				D75C153D20771C6000B43793 /* testUITests.xctest */,
			);
			name = Products;
			sourceTree = "<group>";
		};
		D75C151C20771C6000B43793 /* test */ = {
			isa = PBXGroup;
			children = (
				D75C151D20771C6000B43793 /* AppDelegate.h */,
				D75C151E20771C6000B43793 /* AppDelegate.m */,
				D75C152020771C6000B43793 /* ViewController.h */,
				D75C152120771C6000B43793 /* ViewController.m */,
				D75C152320771C6000B43793 /* Main.storyboard */,
				D75C152620771C6000B43793 /* Assets.xcassets */,
				D75C152820771C6000B43793 /* LaunchScreen.storyboard */,
				D75C152B20771C6000B43793 /* Info.plist */,
				D75C152C20771C6000B43793 /* main.m */,
			);
			path = test;
			sourceTree = "<group>";
		};
		D75C153520771C6000B43793 /* testTests */ = {
			isa = PBXGroup;
			children = (
				D75C153620771C6000B43793 /* testTests.m */,
				D75C153820771C6000B43793 /* Info.plist */,
			);
			path = testTests;
			sourceTree = "<group>";
		};
		D75C154020771C6000B43793 /* testUITests */ = {
			isa = PBXGroup;
			children = (
				D75C154120771C6000B43793 /* testUITests.m */,
				D75C154320771C6000B43793 /* Info.plist */,
			);
			path = testUITests;
			sourceTree = "<group>";
		};
/* End PBXGroup section */

/* Begin PBXNativeTarget section */
		D75C151920771C6000B43793 /* test */ = {
			isa = PBXNativeTarget;
			buildConfigurationList = D75C154620771C6000B43793 /* Build configuration list for PBXNativeTarget "test" */;
			buildPhases = (
				D75C151620771C6000B43793 /* Sources */,
				D75C151720771C6000B43793 /* Frameworks */,
				D75C151820771C6000B43793 /* Resources */,
			);
			buildRules = (
			);
			dependencies = (
			);
			name = test;
			productName = test;
			productReference = D75C151A20771C6000B43793 /* test.app */;
			productType = "com.apple.product-type.application";
		};
		D75C153120771C6000B43793 /* testTests */ = {
			isa = PBXNativeTarget;
			buildConfigurationList = D75C154920771C6000B43793 /* Build configuration list for PBXNativeTarget "testTests" */;
			buildPhases = (
				D75C152E20771C6000B43793 /* Sources */,
				D75C152F20771C6000B43793 /* Frameworks */,
				D75C153020771C6000B43793 /* Resources */,
			);
			buildRules = (
			);
			dependencies = (
				D75C153420771C6000B43793 /* PBXTargetDependency */,
			);
			name = testTests;
			productName = testTests;
			productReference = D75C153220771C6000B43793 /* testTests.xctest */;
			productType = "com.apple.product-type.bundle.unit-test";
		};
		D75C153C20771C6000B43793 /* testUITests */ = {
			isa = PBXNativeTarget;
			buildConfigurationList = D75C154C20771C6000B43793 /* Build configuration list for PBXNativeTarget "testUITests" */;
			buildPhases = (
				D75C153920771C6000B43793 /* Sources */,
				D75C153A20771C6000B43793 /* Frameworks */,
				D75C153B20771C6000B43793 /* Resources */,
			);
			buildRules = (
			);
			dependencies = (
				D75C153F20771C6000B43793 /* PBXTargetDependency */,
			);
			name = testUITests;
			productName = testUITests;
			productReference = D75C153D20771C6000B43793 /* testUITests.xctest */;
			productType = "com.apple.product-type.bundle.ui-testing";
		};
/* End PBXNativeTarget section */

/* Begin PBXProject section */
		D75C151220771C6000B43793 /* Project object */ = {
			isa = PBXProject;
			attributes = {
				LastUpgradeCheck = 0920;
				ORGANIZATIONNAME = Developer;
				TargetAttributes = {
					D75C151920771C6000B43793 = {
						CreatedOnToolsVersion = 9.2;
						ProvisioningStyle = Automatic;
					};
					D75C153120771C6000B43793 = {
						CreatedOnToolsVersion = 9.2;
						ProvisioningStyle = Automatic;
						TestTargetID = D75C151920771C6000B43793;
					};
					D75C153C20771C6000B43793 = {
						CreatedOnToolsVersion = 9.2;
						ProvisioningStyle = Automatic;
						TestTargetID = D75C151920771C6000B43793;
					};
				};
			};
			buildConfigurationList = D75C151520771C6000B43793 /* Build configuration list for PBXProject "test" */;
			compatibilityVersion = "Xcode 8.0";
			developmentRegion = en;
			hasScannedForEncodings = 0;
			knownRegions = (
				en,
				Base,
			);
			mainGroup = D75C151120771C6000B43793;
			productRefGroup = D75C151B20771C6000B43793 /* Products */;
			projectDirPath = "";
			projectRoot = "";
			targets = (
				D75C151920771C6000B43793 /* test */,
				D75C153120771C6000B43793 /* testTests */,
				D75C153C20771C6000B43793 /* testUITests */,
			);
		};
/* End PBXProject section */

/* Begin PBXResourcesBuildPhase section */
		D75C151820771C6000B43793 /* Resources */ = {
			isa = PBXResourcesBuildPhase;
			buildActionMask = 2147483647;
			files = (
				D75C152A20771C6000B43793 /* LaunchScreen.storyboard in Resources */,
				D75C152720771C6000B43793 /* Assets.xcassets in Resources */,
				D75C152520771C6000B43793 /* Main.storyboard in Resources */,
			);
			runOnlyForDeploymentPostprocessing = 0;
		};
		D75C153020771C6000B43793 /* Resources */ = {
			isa = PBXResourcesBuildPhase;
			buildActionMask = 2147483647;
			files = (
			);
			runOnlyForDeploymentPostprocessing = 0;
		};
		D75C153B20771C6000B43793 /* Resources */ = {
			isa = PBXResourcesBuildPhase;
			buildActionMask = 2147483647;
			files = (
			);
			runOnlyForDeploymentPostprocessing = 0;
		};
/* End PBXResourcesBuildPhase section */

/* Begin PBXSourcesBuildPhase section */
		D75C151620771C6000B43793 /* Sources */ = {
			isa = PBXSourcesBuildPhase;
			buildActionMask = 2147483647;
			files = (
				D75C152220771C6000B43793 /* ViewController.m in Sources */,
				D75C152D20771C6000B43793 /* main.m in Sources */,
				D75C151F20771C6000B43793 /* AppDelegate.m in Sources */,
			);
			runOnlyForDeploymentPostprocessing = 0;
		};
		D75C152E20771C6000B43793 /* Sources */ = {
			isa = PBXSourcesBuildPhase;
			buildActionMask = 2147483647;
			files = (
				D75C153720771C6000B43793 /* testTests.m in Sources */,
			);
			runOnlyForDeploymentPostprocessing = 0;
		};
		D75C153920771C6000B43793 /* Sources */ = {
			isa = PBXSourcesBuildPhase;
			buildActionMask = 2147483647;
			files = (
				D75C154220771C6000B43793 /* testUITests.m in Sources */,
			);
			runOnlyForDeploymentPostprocessing = 0;
		};
/* End PBXSourcesBuildPhase section */

/* Begin PBXTargetDependency section */
		D75C153420771C6000B43793 /* PBXTargetDependency */ = {
			isa = PBXTargetDependency;
			target = D75C151920771C6000B43793 /* test */;
			targetProxy = D75C153320771C6000B43793 /* PBXContainerItemProxy */;
		};
		D75C153F20771C6000B43793 /* PBXTargetDependency */ = {
			isa = PBXTargetDependency;
			target = D75C151920771C6000B43793 /* test */;
			targetProxy = D75C153E20771C6000B43793 /* PBXContainerItemProxy */;
		};
/* End PBXTargetDependency section */

/* Begin PBXVariantGroup section */
		D75C152320771C6000B43793 /* Main.storyboard */ = {
			isa = PBXVariantGroup;
			children = (
				D75C152420771C6000B43793 /* Base */,
			);
			name = Main.storyboard;
			sourceTree = "<group>";
		};
		D75C152820771C6000B43793 /* LaunchScreen.storyboard */ = {
			isa = PBXVariantGroup;
			children = (
				D75C152920771C6000B43793 /* Base */,
			);
			name = LaunchScreen.storyboard;
			sourceTree = "<group>";
		};
/* End PBXVariantGroup section */

/* Begin XCBuildConfiguration section */
		D75C154420771C6000B43793 /* Debug */ = {
			isa = XCBuildConfiguration;
			buildSettings = {
				ALWAYS_SEARCH_USER_PATHS = NO;
				CLANG_ANALYZER_NONNULL = YES;
				CLANG_ANALYZER_NUMBER_OBJECT_CONVERSION = YES_AGGRESSIVE;
				CLANG_CXX_LANGUAGE_STANDARD = "gnu++14";
				CLANG_CXX_LIBRARY = "libc++";
				CLANG_ENABLE_MODULES = YES;
				CLANG_ENABLE_OBJC_ARC = YES;
				CLANG_WARN_BLOCK_CAPTURE_AUTORELEASING = YES;
				CLANG_WARN_BOOL_CONVERSION = YES;
				CLANG_WARN_COMMA = YES;
				CLANG_WARN_CONSTANT_CONVERSION = YES;
				CLANG_WARN_DIRECT_OBJC_ISA_USAGE = YES_ERROR;
				CLANG_WARN_DOCUMENTATION_COMMENTS = YES;
				CLANG_WARN_EMPTY_BODY = YES;
				CLANG_WARN_ENUM_CONVERSION = YES;
				CLANG_WARN_INFINITE_RECURSION = YES;
				CLANG_WARN_INT_CONVERSION = YES;
				CLANG_WARN_NON_LITERAL_NULL_CONVERSION = YES;
				CLANG_WARN_OBJC_LITERAL_CONVERSION = YES;
				CLANG_WARN_OBJC_ROOT_CLASS = YES_ERROR;
				CLANG_WARN_RANGE_LOOP_ANALYSIS = YES;
				CLANG_WARN_STRICT_PROTOTYPES = YES;
				CLANG_WARN_SUSPICIOUS_MOVE = YES;
				CLANG_WARN_UNGUARDED_AVAILABILITY = YES_AGGRESSIVE;
				CLANG_WARN_UNREACHABLE_CODE = YES;
				CLANG_WARN__DUPLICATE_METHOD_MATCH = YES;
				CODE_SIGN_IDENTITY = "iPhone Developer";
				COPY_PHASE_STRIP = NO;
				DEBUG_INFORMATION_FORMAT = dwarf;
				ENABLE_STRICT_OBJC_MSGSEND = YES;
				ENABLE_TESTABILITY = YES;
				GCC_C_LANGUAGE_STANDARD = gnu11;
				GCC_DYNAMIC_NO_PIC = NO;
				GCC_NO_COMMON_BLOCKS = YES;
				GCC_OPTIMIZATION_LEVEL = 0;
				GCC_PREPROCESSOR_DEFINITIONS = (
					"DEBUG=1",
					"$(inherited)",
				);
				GCC_WARN_64_TO_32_BIT_CONVERSION = YES;
				GCC_WARN_ABOUT_RETURN_TYPE = YES_ERROR;
				GCC_WARN_UNDECLARED_SELECTOR = YES;
				GCC_WARN_UNINITIALIZED_AUTOS = YES_AGGRESSIVE;
				GCC_WARN_UNUSED_FUNCTION = YES;
				GCC_WARN_UNUSED_VARIABLE = YES;
				IPHONEOS_DEPLOYMENT_TARGET = 11.2;
				MTL_ENABLE_DEBUG_INFO = YES;
				ONLY_ACTIVE_ARCH = YES;
				SDKROOT = iphoneos;
			};
			name = Debug;
		};
		D75C154520771C6000B43793 /* Release */ = {
			isa = XCBuildConfiguration;
			buildSettings = {
				ALWAYS_SEARCH_USER_PATHS = NO;
				CLANG_ANALYZER_NONNULL = YES;
				CLANG_ANALYZER_NUMBER_OBJECT_CONVERSION = YES_AGGRESSIVE;
				CLANG_CXX_LANGUAGE_STANDARD = "gnu++14";
				CLANG_CXX_LIBRARY = "libc++";
				CLANG_ENABLE_MODULES = YES;
				CLANG_ENABLE_OBJC_ARC = YES;
				CLANG_WARN_BLOCK_CAPTURE_AUTORELEASING = YES;
				CLANG_WARN_BOOL_CONVERSION = YES;
				CLANG_WARN_COMMA = YES;
				CLANG_WARN_CONSTANT_CONVERSION = YES;
				CLANG_WARN_DIRECT_OBJC_ISA_USAGE = YES_ERROR;
				CLANG_WARN_DOCUMENTATION_COMMENTS = YES;
				CLANG_WARN_EMPTY_BODY = YES;
				CLANG_WARN_ENUM_CONVERSION = YES;
				CLANG_WARN_INFINITE_RECURSION = YES;
				CLANG_WARN_INT_CONVERSION = YES;
				CLANG_WARN_NON_LITERAL_NULL_CONVERSION = YES;
				CLANG_WARN_OBJC_LITERAL_CONVERSION = YES;
				CLANG_WARN_OBJC_ROOT_CLASS = YES_ERROR;
				CLANG_WARN_RANGE_LOOP_ANALYSIS = YES;
				CLANG_WARN_STRICT_PROTOTYPES = YES;
				CLANG_WARN_SUSPICIOUS_MOVE = YES;
				CLANG_WARN_UNGUARDED_AVAILABILITY = YES_AGGRESSIVE;
				CLANG_WARN_UNREACHABLE_CODE = YES;
				CLANG_WARN__DUPLICATE_METHOD_MATCH = YES;
				CODE_SIGN_IDENTITY = "iPhone Developer";
				COPY_PHASE_STRIP = NO;
				DEBUG_INFORMATION_FORMAT = "dwarf-with-dsym";
				ENABLE_NS_ASSERTIONS = NO;
				ENABLE_STRICT_OBJC_MSGSEND = YES;
				GCC_C_LANGUAGE_STANDARD = gnu11;
				GCC_NO_COMMON_BLOCKS = YES;
				GCC_WARN_64_TO_32_BIT_CONVERSION = YES;
				GCC_WARN_ABOUT_RETURN_TYPE = YES_ERROR;
				GCC_WARN_UNDECLARED_SELECTOR = YES;
				GCC_WARN_UNINITIALIZED_AUTOS = YES_AGGRESSIVE;
				GCC_WARN_UNUSED_FUNCTION = YES;
				GCC_WARN_UNUSED_VARIABLE = YES;
				IPHONEOS_DEPLOYMENT_TARGET = 11.2;
				MTL_ENABLE_DEBUG_INFO = NO;
				SDKROOT = iphoneos;
				VALIDATE_PRODUCT = YES;
			};
			name = Release;
		};
		D75C154720771C6000B43793 /* Debug */ = {
			isa = XCBuildConfiguration;
			buildSettings = {
				ASSETCATALOG_COMPILER_APPICON_NAME = AppIcon;
				CODE_SIGN_STYLE = Automatic;
				INFOPLIST_FILE = test/Info.plist;
				LD_RUNPATH_SEARCH_PATHS = "$(inherited) @executable_path/Frameworks";
				PRODUCT_BUNDLE_IDENTIFIER = hhhhhh.test;
				PRODUCT_NAME = "$(TARGET_NAME)";
				TARGETED_DEVICE_FAMILY = "1,2";
			};
			name = Debug;
		};
		D75C154820771C6000B43793 /* Release */ = {
			isa = XCBuildConfiguration;
			buildSettings = {
				ASSETCATALOG_COMPILER_APPICON_NAME = AppIcon;
				CODE_SIGN_STYLE = Automatic;
				INFOPLIST_FILE = test/Info.plist;
				LD_RUNPATH_SEARCH_PATHS = "$(inherited) @executable_path/Frameworks";
				PRODUCT_BUNDLE_IDENTIFIER = hhhhhh.test;
				PRODUCT_NAME = "$(TARGET_NAME)";
				TARGETED_DEVICE_FAMILY = "1,2";
			};
			name = Release;
		};
		D75C154A20771C6000B43793 /* Debug */ = {
			isa = XCBuildConfiguration;
			buildSettings = {
				BUNDLE_LOADER = "$(TEST_HOST)";
				CODE_SIGN_STYLE = Automatic;
				INFOPLIST_FILE = testTests/Info.plist;
				LD_RUNPATH_SEARCH_PATHS = "$(inherited) @executable_path/Frameworks @loader_path/Frameworks";
				PRODUCT_BUNDLE_IDENTIFIER = hhhhhh.testTests;
				PRODUCT_NAME = "$(TARGET_NAME)";
				TARGETED_DEVICE_FAMILY = "1,2";
				TEST_HOST = "$(BUILT_PRODUCTS_DIR)/test.app/test";
			};
			name = Debug;
		};
		D75C154B20771C6000B43793 /* Release */ = {
			isa = XCBuildConfiguration;
			buildSettings = {
				BUNDLE_LOADER = "$(TEST_HOST)";
				CODE_SIGN_STYLE = Automatic;
				INFOPLIST_FILE = testTests/Info.plist;
				LD_RUNPATH_SEARCH_PATHS = "$(inherited) @executable_path/Frameworks @loader_path/Frameworks";
				PRODUCT_BUNDLE_IDENTIFIER = hhhhhh.testTests;
				PRODUCT_NAME = "$(TARGET_NAME)";
				TARGETED_DEVICE_FAMILY = "1,2";
				TEST_HOST = "$(BUILT_PRODUCTS_DIR)/test.app/test";
			};
			name = Release;
		};
		D75C154D20771C6000B43793 /* Debug */ = {
			isa = XCBuildConfiguration;
			buildSettings = {
				CODE_SIGN_STYLE = Automatic;
				INFOPLIST_FILE = testUITests/Info.plist;
				LD_RUNPATH_SEARCH_PATHS = "$(inherited) @executable_path/Frameworks @loader_path/Frameworks";
				PRODUCT_BUNDLE_IDENTIFIER = hhhhhh.testUITests;
				PRODUCT_NAME = "$(TARGET_NAME)";
				TARGETED_DEVICE_FAMILY = "1,2";
				TEST_TARGET_NAME = test;
			};
			name = Debug;
		};
		D75C154E20771C6000B43793 /* Release */ = {
			isa = XCBuildConfiguration;
			buildSettings = {
				CODE_SIGN_STYLE = Automatic;
				INFOPLIST_FILE = testUITests/Info.plist;
				LD_RUNPATH_SEARCH_PATHS = "$(inherited) @executable_path/Frameworks @loader_path/Frameworks";
				PRODUCT_BUNDLE_IDENTIFIER = hhhhhh.testUITests;
				PRODUCT_NAME = "$(TARGET_NAME)";
				TARGETED_DEVICE_FAMILY = "1,2";
				TEST_TARGET_NAME = test;
			};
			name = Release;
		};
/* End XCBuildConfiguration section */

/* Begin XCConfigurationList section */
		D75C151520771C6000B43793 /* Build configuration list for PBXProject "test" */ = {
			isa = XCConfigurationList;
			buildConfigurations = (
				D75C154420771C6000B43793 /* Debug */,
				D75C154520771C6000B43793 /* Release */,
			);
			defaultConfigurationIsVisible = 0;
			defaultConfigurationName = Release;
		};
		D75C154620771C6000B43793 /* Build configuration list for PBXNativeTarget "test" */ = {
			isa = XCConfigurationList;
			buildConfigurations = (
				D75C154720771C6000B43793 /* Debug */,
				D75C154820771C6000B43793 /* Release */,
			);
			defaultConfigurationIsVisible = 0;
			defaultConfigurationName = Release;
		};
		D75C154920771C6000B43793 /* Build configuration list for PBXNativeTarget "testTests" */ = {
			isa = XCConfigurationList;
			buildConfigurations = (
				D75C154A20771C6000B43793 /* Debug */,
				D75C154B20771C6000B43793 /* Release */,
			);
			defaultConfigurationIsVisible = 0;
			defaultConfigurationName = Release;
		};
		D75C154C20771C6000B43793 /* Build configuration list for PBXNativeTarget "testUITests" */ = {
			isa = XCConfigurationList;
			buildConfigurations = (
				D75C154D20771C6000B43793 /* Debug */,
				D75C154E20771C6000B43793 /* Release */,
			);
			defaultConfigurationIsVisible = 0;
			defaultConfigurationName = Release;
		};
/* End XCConfigurationList section */
	};
	rootObject = D75C151220771C6000B43793 /* Project object */;
}
